
Microsoft Visual Studio Solution File, Format Version 12.00
# Visual Studio Version 16
VisualStudioVersion = 16.0.30803.129
MinimumVisualStudioVersion = 10.0.40219.1
Project("{FAE04EC0-301F-11D3-BF4B-00C04F79EFBC}") = "PiServControl.Android", "PiServControl\PiServControl.Android\PiServControl.Android.csproj", "{4C1D11B8-40EE-46C3-A975-72FCE33B5440}"
EndProject
Project("{FAE04EC0-301F-11D3-BF4B-00C04F79EFBC}") = "PiServControl.iOS", "PiServControl\PiServControl.iOS\PiServControl.iOS.csproj", "{9CBBDA6F-5047-4C80-8360-452214A32F34}"
EndProject
Project("{FAE04EC0-301F-11D3-BF4B-00C04F79EFBC}") = "PiServControl", "PiServControl\PiServControl\PiServControl.csproj", "{9BF25F81-7FC3-45F3-9AEB-D486B9E72B00}"
EndProject
Global
	GlobalSection(SolutionConfigurationPlatforms) = preSolution
		Debug|Any CPU = Debug|Any CPU
		Debug|iPhone = Debug|iPhone
		Debug|iPhoneSimulator = Debug|iPhoneSimulator
		Release|Any CPU = Release|Any CPU
		Release|iPhone = Release|iPhone
		Release|iPhoneSimulator = Release|iPhoneSimulator
	EndGlobalSection
	GlobalSection(ProjectConfigurationPlatforms) = postSolution
		{4C1D11B8-40EE-46C3-A975-72FCE33B5440}.Debug|Any CPU.ActiveCfg = Debug|Any CPU
		{4C1D11B8-40EE-46C3-A975-72FCE33B5440}.Debug|Any CPU.Build.0 = Debug|Any CPU
		{4C1D11B8-40EE-46C3-A975-72FCE33B5440}.Debug|Any CPU.Deploy.0 = Debug|Any CPU
		{4C1D11B8-40EE-46C3-A975-72FCE33B5440}.Debug|iPhone.ActiveCfg = Debug|Any CPU
		{4C1D11B8-40EE-46C3-A975-72FCE33B5440}.Debug|iPhone.Build.0 = Debug|Any CPU
		{4C1D11B8-40EE-46C3-A975-72FCE33B5440}.Debug|iPhone.Deploy.0 = Debug|Any CPU
		{4C1D11B8-40EE-46C3-A975-72FCE33B5440}.Debug|iPhoneSimulator.ActiveCfg = Debug|Any CPU
		{4C1D11B8-40EE-46C3-A975-72FCE33B5440}.Debug|iPhoneSimulator.Build.0 = Debug|Any CPU
		{4C1D11B8-40EE-46C3-A975-72FCE33B5440}.Debug|iPhoneSimulator.Deploy.0 = Debug|Any CPU
		{4C1D11B8-40EE-46C3-A975-72FCE33B5440}.Release|Any CPU.ActiveCfg = Release|Any CPU
		{4C1D11B8-40EE-46C3-A975-72FCE33B5440}.Release|Any CPU.Build.0 = Release|Any CPU
		{4C1D11B8-40EE-46C3-A975-72FCE33B5440}.Release|Any CPU.Deploy.0 = Release|Any CPU
		{4C1D11B8-40EE-46C3-A975-72FCE33B5440}.Release|iPhone.ActiveCfg = Release|Any CPU
		{4C1D11B8-40EE-46C3-A975-72FCE33B5440}.Release|iPhone.Build.0 = Release|Any CPU
		{4C1D11B8-40EE-46C3-A975-72FCE33B5440}.Release|iPhone.Deploy.0 = Release|Any CPU
		{4C1D11B8-40EE-46C3-A975-72FCE33B5440}.Release|iPhoneSimulator.ActiveCfg = Release|Any CPU
		{4C1D11B8-40EE-46C3-A975-72FCE33B5440}.Release|iPhoneSimulator.Build.0 = Release|Any CPU
		{4C1D11B8-40EE-46C3-A975-72FCE33B5440}.Release|iPhoneSimulator.Deploy.0 = Release|Any CPU
		{9CBBDA6F-5047-4C80-8360-452214A32F34}.Debug|Any CPU.ActiveCfg = Debug|iPhone
		{9CBBDA6F-5047-4C80-8360-452214A32F34}.Debug|Any CPU.Build.0 = Debug|iPhone
		{9CBBDA6F-5047-4C80-8360-452214A32F34}.Debug|Any CPU.Deploy.0 = Debug|iPhone
		{9CBBDA6F-5047-4C80-8360-452214A32F34}.Debug|iPhone.ActiveCfg = Debug|iPhone
		{9CBBDA6F-5047-4C80-8360-452214A32F34}.Debug|iPhone.Build.0 = Debug|iPhone
		{9CBBDA6F-5047-4C80-8360-452214A32F34}.Debug|iPhone.Deploy.0 = Debug|iPhone
		{9CBBDA6F-5047-4C80-8360-452214A32F34}.Debug|iPhoneSimulator.ActiveCfg = Debug|iPhoneSimulator
		{9CBBDA6F-5047-4C80-8360-452214A32F34}.Debug|iPhoneSimulator.Build.0 = Debug|iPhoneSimulator
		{9CBBDA6F-5047-4C80-8360-452214A32F34}.Debug|iPhoneSimulator.Deploy.0 = Debug|iPhoneSimulator
		{9CBBDA6F-5047-4C80-8360-452214A32F34}.Release|Any CPU.ActiveCfg = Release|iPhoneSimulator
		{9CBBDA6F-5047-4C80-8360-452214A32F34}.Release|Any CPU.Build.0 = Release|iPhoneSimulator
		{9CBBDA6F-5047-4C80-8360-452214A32F34}.Release|Any CPU.Deploy.0 = Release|iPhoneSimulator
		{9CBBDA6F-5047-4C80-8360-452214A32F34}.Release|iPhone.ActiveCfg = Release|iPhone
		{9CBBDA6F-5047-4C80-8360-452214A32F34}.Release|iPhone.Build.0 = Release|iPhone
		{9CBBDA6F-5047-4C80-8360-452214A32F34}.Release|iPhone.Deploy.0 = Release|iPhone
		{9CBBDA6F-5047-4C80-8360-452214A32F34}.Release|iPhoneSimulator.ActiveCfg = Release|iPhoneSimulator
		{9CBBDA6F-5047-4C80-8360-452214A32F34}.Release|iPhoneSimulator.Build.0 = Release|iPhoneSimulator
		{9CBBDA6F-5047-4C80-8360-452214A32F34}.Release|iPhoneSimulator.Deploy.0 = Release|iPhoneSimulator
		{9BF25F81-7FC3-45F3-9AEB-D486B9E72B00}.Debug|Any CPU.ActiveCfg = Debug|Any CPU
		{9BF25F81-7FC3-45F3-9AEB-D486B9E72B00}.Debug|Any CPU.Build.0 = Debug|Any CPU
		{9BF25F81-7FC3-45F3-9AEB-D486B9E72B00}.Debug|Any CPU.Deploy.0 = Debug|Any CPU
		{9BF25F81-7FC3-45F3-9AEB-D486B9E72B00}.Debug|iPhone.ActiveCfg = Debug|Any CPU
		{9BF25F81-7FC3-45F3-9AEB-D486B9E72B00}.Debug|iPhone.Build.0 = Debug|Any CPU
		{9BF25F81-7FC3-45F3-9AEB-D486B9E72B00}.Debug|iPhone.Deploy.0 = Debug|Any CPU
		{9BF25F81-7FC3-45F3-9AEB-D486B9E72B00}.Debug|iPhoneSimulator.ActiveCfg = Debug|Any CPU
		{9BF25F81-7FC3-45F3-9AEB-D486B9E72B00}.Debug|iPhoneSimulator.Build.0 = Debug|Any CPU
		{9BF25F81-7FC3-45F3-9AEB-D486B9E72B00}.Debug|iPhoneSimulator.Deploy.0 = Debug|Any CPU
		{9BF25F81-7FC3-45F3-9AEB-D486B9E72B00}.Release|Any CPU.ActiveCfg = Release|Any CPU
		{9BF25F81-7FC3-45F3-9AEB-D486B9E72B00}.Release|Any CPU.Build.0 = Release|Any CPU
		{9BF25F81-7FC3-45F3-9AEB-D486B9E72B00}.Release|Any CPU.Deploy.0 = Release|Any CPU
		{9BF25F81-7FC3-45F3-9AEB-D486B9E72B00}.Release|iPhone.ActiveCfg = Release|Any CPU
		{9BF25F81-7FC3-45F3-9AEB-D486B9E72B00}.Release|iPhone.Build.0 = Release|Any CPU
		{9BF25F81-7FC3-45F3-9AEB-D486B9E72B00}.Release|iPhone.Deploy.0 = Release|Any CPU
		{9BF25F81-7FC3-45F3-9AEB-D486B9E72B00}.Release|iPhoneSimulator.ActiveCfg = Release|Any CPU
		{9BF25F81-7FC3-45F3-9AEB-D486B9E72B00}.Release|iPhoneSimulator.Build.0 = Release|Any CPU
		{9BF25F81-7FC3-45F3-9AEB-D486B9E72B00}.Release|iPhoneSimulator.Deploy.0 = Release|Any CPU
	EndGlobalSection
	GlobalSection(SolutionProperties) = preSolution
		HideSolutionNode = FALSE
	EndGlobalSection
	GlobalSection(ExtensibilityGlobals) = postSolution
		SolutionGuid = {78888A27-B145-4271-B1FF-3B384DB3776A}
	EndGlobalSection
EndGlobal
